
Microsoft Visual Studio Solution File, Format Version 12.00
# Visual Studio Version 17
VisualStudioVersion = 17.7.34202.233
MinimumVisualStudioVersion = 10.0.40219.1
Project("{2150E333-8FDC-42A3-9474-1A3956D46DE8}") = "N58", "N58", "{79BD1EEA-222A-4404-9BEF-3963B0381264}"
EndProject
Project("{2150E333-8FDC-42A3-9474-1A3956D46DE8}") = "HomeTasks", "HomeTasks", "{E4AA1417-3FE3-45FC-8AAF-9CA96EA8ECF4}"
EndProject
Project("{2150E333-8FDC-42A3-9474-1A3956D46DE8}") = "N59", "N59", "{9D31094D-91F2-4B2D-9FE4-AF883F656F25}"
EndProject
Project("{2150E333-8FDC-42A3-9474-1A3956D46DE8}") = "HomeTasks", "HomeTasks", "{C415E4CF-68DD-4B9C-9CEE-B1029827EA81}"
EndProject
Project("{2150E333-8FDC-42A3-9474-1A3956D46DE8}") = "N60", "N60", "{716AE338-D5A4-42AA-BEF6-F1654CC7F918}"
EndProject
Project("{2150E333-8FDC-42A3-9474-1A3956D46DE8}") = "HomeTasks", "HomeTasks", "{E1F5BEE2-8A4E-46A9-95C5-519484B4D8DE}"
EndProject
Project("{2150E333-8FDC-42A3-9474-1A3956D46DE8}") = "N61", "N61", "{BD7DEE0C-2B9B-49BD-BA73-1235CA14056D}"
EndProject
Project("{2150E333-8FDC-42A3-9474-1A3956D46DE8}") = "HomeTasks", "HomeTasks", "{7B349BC7-9B48-495C-A828-CF49DAA6B240}"
EndProject
Project("{2150E333-8FDC-42A3-9474-1A3956D46DE8}") = "N62", "N62", "{19BD3E55-7DD1-49CB-ABB0-D90C2E7490A4}"
EndProject
Project("{2150E333-8FDC-42A3-9474-1A3956D46DE8}") = "HomeTasks", "HomeTasks", "{96BB5A37-5DDF-40B7-86DC-8E685D6543E2}"
EndProject
Project("{2150E333-8FDC-42A3-9474-1A3956D46DE8}") = "N63", "N63", "{1622E200-F67F-41BF-87E0-53526DBCFD78}"
EndProject
Project("{2150E333-8FDC-42A3-9474-1A3956D46DE8}") = "HomeTasks", "HomeTasks", "{25C7DDA4-6BEF-4163-B9A5-1F350AD8DE7B}"
EndProject
Project("{2150E333-8FDC-42A3-9474-1A3956D46DE8}") = "N64", "N64", "{FD3B2707-8122-43AE-AA7C-C9B8E79B50AC}"
EndProject
Project("{2150E333-8FDC-42A3-9474-1A3956D46DE8}") = "HomeTasks", "HomeTasks", "{3E433155-E98F-4043-B0D7-D3B959DC0901}"
EndProject
Project("{2150E333-8FDC-42A3-9474-1A3956D46DE8}") = "N65", "N65", "{1FF270D7-FD18-421C-B5D9-F355B15DDCDA}"
EndProject
Project("{2150E333-8FDC-42A3-9474-1A3956D46DE8}") = "HomeTasks", "HomeTasks", "{AFD0678D-E8EB-425A-B8DA-E31948C4B5BC}"
EndProject
Project("{2150E333-8FDC-42A3-9474-1A3956D46DE8}") = "N66", "N66", "{FDF9FB72-E38F-455D-8BB1-101FA3DE8DC3}"
EndProject
Project("{2150E333-8FDC-42A3-9474-1A3956D46DE8}") = "HomeTasks", "HomeTasks", "{F5AFFBC3-E8A0-4859-ADC8-CEC76383B856}"
EndProject
Project("{2150E333-8FDC-42A3-9474-1A3956D46DE8}") = "N67", "N67", "{E87F473E-B53F-4671-BB5D-BFA0E2086659}"
EndProject
Project("{2150E333-8FDC-42A3-9474-1A3956D46DE8}") = "HomeTasks", "HomeTasks", "{FC4FF639-8772-45D3-A3A4-047514847BDE}"
EndProject
Project("{9A19103F-16F7-4668-BE54-9A1E7A4F7556}") = "N58-HT1-Drive", "N58-HT1-Drive\N58-HT1-Drive.csproj", "{DB185431-1A58-449E-BF95-F99C19380846}"
EndProject
Project("{9A19103F-16F7-4668-BE54-9A1E7A4F7556}") = "Drives.Application", "Drives.Application\Drives.Application.csproj", "{23A93E85-A33C-4ED9-A2F4-A75E8EA259F6}"
EndProject
Project("{9A19103F-16F7-4668-BE54-9A1E7A4F7556}") = "Drives.Infrastructure", "Drives.Infrastructure\Drives.Infrastructure.csproj", "{00704A2D-88B0-4C10-9CC9-49BBF637ECE0}"
EndProject
Project("{9A19103F-16F7-4668-BE54-9A1E7A4F7556}") = "Drives.Api", "Drives.Api\Drives.Api.csproj", "{97F6A003-5390-4F31-B761-5A46640D7939}"
EndProject
Project("{9A19103F-16F7-4668-BE54-9A1E7A4F7556}") = "Filters.Application", "Filters.Application\Filters.Application.csproj", "{9643B4C7-25F1-4FBB-BF5A-1688C944C46F}"
EndProject
Project("{9A19103F-16F7-4668-BE54-9A1E7A4F7556}") = "Filters.Infrastructure", "Filters.Infrastructure\Filters.Infrastructure.csproj", "{DD1C267E-0828-4BDD-858E-50DF62AEC058}"
EndProject
Project("{9A19103F-16F7-4668-BE54-9A1E7A4F7556}") = "Filters.Api", "Filters.Api\Filters.Api.csproj", "{E5D83726-316D-4142-9EA8-909D96F22FE5}"
EndProject
Project("{9A19103F-16F7-4668-BE54-9A1E7A4F7556}") = "N62-HT1.Api", "N62-HT1.Api\N62-HT1.Api.csproj", "{B83FF78A-F3CA-4336-806E-E4C8939E61A2}"
EndProject
Project("{9A19103F-16F7-4668-BE54-9A1E7A4F7556}") = "N63-HT1-FileUpload.Api", "N63-HT1-FileUpload.Api\N63-HT1-FileUpload.Api.csproj", "{8AE5D4A0-0378-4C6D-938F-CB04D64F2BC0}"
EndProject
Project("{9A19103F-16F7-4668-BE54-9A1E7A4F7556}") = "N64-HT1-Entity.Application", "N64-HT1-Entity.Application\N64-HT1-Entity.Application.csproj", "{D6F9311E-3176-4BB3-AC64-65B0F10EC93D}"
EndProject
Project("{9A19103F-16F7-4668-BE54-9A1E7A4F7556}") = "N64-HT1-Entity.Domain", "N64-HT1-Entity.Domain\N64-HT1-Entity.Domain.csproj", "{30F29656-898F-407A-BAFB-DF8169E9398B}"
EndProject
Project("{9A19103F-16F7-4668-BE54-9A1E7A4F7556}") = "N64-HT1-Entity.Infrastructure", "N64-HT1-Entity.Infrastructure\N64-HT1-Entity.Infrastructure.csproj", "{E9A6B9EB-BB92-432B-B33B-71A7017B6C56}"
EndProject
Project("{9A19103F-16F7-4668-BE54-9A1E7A4F7556}") = "N64-HT1-Entity.Persistence", "N64-HT1-Entity.Persistence\N64-HT1-Entity.Persistence.csproj", "{BB5DD7A4-DA1C-4EA8-AB99-6DF4EB80E6A6}"
EndProject
Project("{9A19103F-16F7-4668-BE54-9A1E7A4F7556}") = "N64-HT1-Entity.Api", "N64-HT1-Entity.Api\N64-HT1-Entity.Api.csproj", "{0B2C42F5-CF5D-4C24-93AE-83E37E900BDB}"
EndProject
Project("{2150E333-8FDC-42A3-9474-1A3956D46DE8}") = "N64-HT1-Entity", "N64-HT1-Entity", "{A71E865F-F356-4E30-98E2-D06141BF1408}"
EndProject
Project("{2150E333-8FDC-42A3-9474-1A3956D46DE8}") = "Library", "Library", "{C280ADDC-0940-4CC9-B3ED-1D1AF32CCB29}"
EndProject
Project("{9A19103F-16F7-4668-BE54-9A1E7A4F7556}") = "Library.Application", "Library.Application\Library.Application.csproj", "{4AD8CC21-5E3A-4756-859B-24C58DAFB66D}"
EndProject
Project("{9A19103F-16F7-4668-BE54-9A1E7A4F7556}") = "Library.Domain", "Library.Domain\Library.Domain.csproj", "{73D5DA12-929E-4087-AE20-91E955AAF66D}"
EndProject
Project("{9A19103F-16F7-4668-BE54-9A1E7A4F7556}") = "Library.Infrastructure", "Library.Infrastructure\Library.Infrastructure.csproj", "{DFE35FE0-E8D7-43C8-87AE-91728EA09046}"
EndProject
Project("{9A19103F-16F7-4668-BE54-9A1E7A4F7556}") = "Library.Persistence", "Library.Persistence\Library.Persistence.csproj", "{5B094AED-A366-4815-809F-B0B472134A9A}"
EndProject
Project("{9A19103F-16F7-4668-BE54-9A1E7A4F7556}") = "Library.Api", "Library.Api\Library.Api.csproj", "{CB295902-FBBF-4FA0-AC77-752FA98405EB}"
EndProject
Project("{2150E333-8FDC-42A3-9474-1A3956D46DE8}") = "N68", "N68", "{2AC4D06E-4E46-46E8-98AF-065CD8799A5A}"
EndProject
Project("{2150E333-8FDC-42A3-9474-1A3956D46DE8}") = "HomeTasks", "HomeTasks", "{6C218815-EF33-4429-AC59-067FE82F2B74}"
EndProject
Project("{9A19103F-16F7-4668-BE54-9A1E7A4F7556}") = "N67.EduCourse.Application", "N67.EduCourse.Application\N67.EduCourse.Application.csproj", "{276A51C3-A889-4A4D-BDAC-F89626084614}"
EndProject
Project("{9A19103F-16F7-4668-BE54-9A1E7A4F7556}") = "N67.EduCourse.Domain", "N67.EduCourse.Domain\N67.EduCourse.Domain.csproj", "{2BADDDA8-91D2-425A-B813-784645AA671F}"
EndProject
Project("{9A19103F-16F7-4668-BE54-9A1E7A4F7556}") = "N67.EduCourse.Infrastructure", "N67.EduCourse.Infrastructure\N67.EduCourse.Infrastructure.csproj", "{0617734E-5721-443E-9572-94CB1519D160}"
EndProject
Project("{9A19103F-16F7-4668-BE54-9A1E7A4F7556}") = "N67.EduCourse.Persistence", "N67.EduCourse.Persistence\N67.EduCourse.Persistence.csproj", "{D9CABC1C-9202-4BC8-8ED3-CDE53DF6F3CA}"
EndProject
Project("{9A19103F-16F7-4668-BE54-9A1E7A4F7556}") = "N67.EduCourse.Api", "N67.EduCourse.Api\N67.EduCourse.Api.csproj", "{D512C9B1-34A9-4C56-A101-FB47CA03A4E7}"
EndProject
Project("{2150E333-8FDC-42A3-9474-1A3956D46DE8}") = "N69", "N69", "{5B0FB7F6-9F03-4836-ADEC-DD6DF4D91E6A}"
EndProject
Project("{2150E333-8FDC-42A3-9474-1A3956D46DE8}") = "N70", "N70", "{82ADD09D-299B-4AE1-9530-3750CC07C832}"
EndProject
Project("{2150E333-8FDC-42A3-9474-1A3956D46DE8}") = "HomeTasks'", "HomeTasks'", "{A47FE357-3ADC-46FE-8842-E3AC1BD9FC93}"
EndProject
Project("{2150E333-8FDC-42A3-9474-1A3956D46DE8}") = "FileExplorer", "FileExplorer", "{5C0FE840-122B-4DF2-BA06-CC3C595F5F8B}"
EndProject
Project("{9A19103F-16F7-4668-BE54-9A1E7A4F7556}") = "FileExplorer.Application", "FileExplorer.Application\FileExplorer.Application.csproj", "{673D52D5-6249-4A59-8009-AA9E88BCCE15}"
EndProject
Project("{9A19103F-16F7-4668-BE54-9A1E7A4F7556}") = "FileExplorer.Infrastructure", "FileExplorer.Infrastructure\FileExplorer.Infrastructure.csproj", "{980DA64F-4D08-4313-883D-A476B6853903}"
EndProject
Project("{9A19103F-16F7-4668-BE54-9A1E7A4F7556}") = "FileExplorer.Api", "FileExplorer.Api\FileExplorer.Api.csproj", "{95075754-44C7-4EFF-86A4-C3C537B31A43}"
EndProject
Project("{2150E333-8FDC-42A3-9474-1A3956D46DE8}") = "HomeTasks", "HomeTasks", "{3B85A3C1-5F86-4103-8460-8372263B71E1}"
EndProject
Project("{2150E333-8FDC-42A3-9474-1A3956D46DE8}") = "N70-HomeTasks-Entity", "N70-HomeTasks-Entity", "{C8EAC12A-2326-442C-87CC-4EA2105AB981}"
EndProject
Project("{9A19103F-16F7-4668-BE54-9A1E7A4F7556}") = "N70-Entity.Application", "N70-Entity.Application\N70-Entity.Application.csproj", "{5FB97E4E-004E-4B7C-8A4E-0B980D7524B9}"
EndProject
Project("{9A19103F-16F7-4668-BE54-9A1E7A4F7556}") = "N70-Entity.Domain", "N70-Entity.Domain\N70-Entity.Domain.csproj", "{A327AF60-1300-41E3-A760-9CC12DFB689F}"
EndProject
Project("{9A19103F-16F7-4668-BE54-9A1E7A4F7556}") = "N70-Entity.Infrastructure", "N70-Entity.Infrastructure\N70-Entity.Infrastructure.csproj", "{200451D8-B356-4F16-8A8A-B64079262744}"
EndProject
Project("{9A19103F-16F7-4668-BE54-9A1E7A4F7556}") = "N70-Entity.Persistence", "N70-Entity.Persistence\N70-Entity.Persistence.csproj", "{CCF3A0F1-8591-4D90-B1AB-B654C7ED8CBD}"
EndProject
Project("{9A19103F-16F7-4668-BE54-9A1E7A4F7556}") = "N70-Entity.Api", "N70-Entity.Api\N70-Entity.Api.csproj", "{6E58BC39-420A-47DF-9EE4-2DC371C4BB41}"
EndProject
Project("{2150E333-8FDC-42A3-9474-1A3956D46DE8}") = "N71", "N71", "{B3ACFEE0-52C8-4E80-92CC-891B2A18BEFF}"
EndProject
Project("{2150E333-8FDC-42A3-9474-1A3956D46DE8}") = "HomeTasks", "HomeTasks", "{3005B47D-6E65-4A68-9D89-88D3B07DE0FA}"
EndProject
Project("{2150E333-8FDC-42A3-9474-1A3956D46DE8}") = "Blog", "Blog", "{5BACD89D-8C0A-43DF-8081-61F7DA59C008}"
EndProject
Project("{9A19103F-16F7-4668-BE54-9A1E7A4F7556}") = "N71-Blog.Application", "N71-Blog.Application\N71-Blog.Application.csproj", "{202CE1CE-7B93-48B7-B01B-66F3AEF64932}"
EndProject
Project("{9A19103F-16F7-4668-BE54-9A1E7A4F7556}") = "N71-Blog.Domain", "N71-Blog.Domain\N71-Blog.Domain.csproj", "{99935744-BE48-43B7-A911-7FF27FE32353}"
EndProject
Project("{9A19103F-16F7-4668-BE54-9A1E7A4F7556}") = "N71-Blog.Infrastructure", "N71-Blog.Infrastructure\N71-Blog.Infrastructure.csproj", "{03837BF5-3C17-46E2-A1F1-50811FBA3840}"
EndProject
Project("{9A19103F-16F7-4668-BE54-9A1E7A4F7556}") = "N71-Blog.Persistence", "N71-Blog.Persistence\N71-Blog.Persistence.csproj", "{EB7B5857-2C2D-48D2-8C60-7FE40186FAA8}"
EndProject
Project("{9A19103F-16F7-4668-BE54-9A1E7A4F7556}") = "N71-Blog.Api", "N71-Blog.Api\N71-Blog.Api.csproj", "{0B8707EB-8FF4-40DD-A2BA-105C9CB3343B}"
EndProject
Project("{2150E333-8FDC-42A3-9474-1A3956D46DE8}") = "BackgroundService", "BackgroundService", "{099C0699-F0EF-41B0-BED8-AA5305053A44}"
EndProject
Project("{9A19103F-16F7-4668-BE54-9A1E7A4F7556}") = "BackgrounService", "BackgrounService\BackgrounService.csproj", "{B82BC95C-117E-44B5-BA77-2BD33D125294}"
EndProject
Project("{2150E333-8FDC-42A3-9474-1A3956D46DE8}") = "N76", "N76", "{43EAE951-6402-4F63-B1BD-825C1714F205}"
EndProject
Project("{2150E333-8FDC-42A3-9474-1A3956D46DE8}") = "N76-HT1", "N76-HT1", "{66CE41E8-A89F-48E3-B17B-B9AE35C913AC}"
EndProject
Project("{FAE04EC0-301F-11D3-BF4B-00C04F79EFBC}") = "N76-HT1-Interceptors.Application", "N76-HT1-Interceptors.Application\N76-HT1-Interceptors.Application.csproj", "{462C6203-1CCC-4339-8B8B-6FF574EBC3B5}"
EndProject
Project("{FAE04EC0-301F-11D3-BF4B-00C04F79EFBC}") = "N76-HT1-Interceptors.Domain", "N76-HT1-Interceptors.Domain\N76-HT1-Interceptors.Domain.csproj", "{73C30A9F-19C7-461F-9E13-1FDD306DCFEA}"
EndProject
Project("{FAE04EC0-301F-11D3-BF4B-00C04F79EFBC}") = "N76-HT1-Interceptors.Infrastructure", "N76-HT1-Interceptors.Infrastructure\N76-HT1-Interceptors.Infrastructure.csproj", "{35BBDD87-8336-4AE7-B1E2-4E618946F69A}"
EndProject
Project("{FAE04EC0-301F-11D3-BF4B-00C04F79EFBC}") = "N76-HT1-Interceptors.Persistence", "N76-HT1-Interceptors.Persistence\N76-HT1-Interceptors.Persistence.csproj", "{CBA7FD2D-065A-4CBF-A3E4-74DCF99CF077}"
EndProject
Project("{FAE04EC0-301F-11D3-BF4B-00C04F79EFBC}") = "N76-HT1-Interceptors.Api", "N76-HT1-Interceptors.Api\N76-HT1-Interceptors.Api.csproj", "{A463A8A6-A6D5-4449-A065-AA78B1F8A79B}"
EndProject
Global
	GlobalSection(SolutionConfigurationPlatforms) = preSolution
		Debug|Any CPU = Debug|Any CPU
		Release|Any CPU = Release|Any CPU
	EndGlobalSection
	GlobalSection(ProjectConfigurationPlatforms) = postSolution
		{DB185431-1A58-449E-BF95-F99C19380846}.Debug|Any CPU.ActiveCfg = Debug|Any CPU
		{DB185431-1A58-449E-BF95-F99C19380846}.Debug|Any CPU.Build.0 = Debug|Any CPU
		{DB185431-1A58-449E-BF95-F99C19380846}.Release|Any CPU.ActiveCfg = Release|Any CPU
		{DB185431-1A58-449E-BF95-F99C19380846}.Release|Any CPU.Build.0 = Release|Any CPU
		{23A93E85-A33C-4ED9-A2F4-A75E8EA259F6}.Debug|Any CPU.ActiveCfg = Debug|Any CPU
		{23A93E85-A33C-4ED9-A2F4-A75E8EA259F6}.Debug|Any CPU.Build.0 = Debug|Any CPU
		{23A93E85-A33C-4ED9-A2F4-A75E8EA259F6}.Release|Any CPU.ActiveCfg = Release|Any CPU
		{23A93E85-A33C-4ED9-A2F4-A75E8EA259F6}.Release|Any CPU.Build.0 = Release|Any CPU
		{00704A2D-88B0-4C10-9CC9-49BBF637ECE0}.Debug|Any CPU.ActiveCfg = Debug|Any CPU
		{00704A2D-88B0-4C10-9CC9-49BBF637ECE0}.Debug|Any CPU.Build.0 = Debug|Any CPU
		{00704A2D-88B0-4C10-9CC9-49BBF637ECE0}.Release|Any CPU.ActiveCfg = Release|Any CPU
		{00704A2D-88B0-4C10-9CC9-49BBF637ECE0}.Release|Any CPU.Build.0 = Release|Any CPU
		{97F6A003-5390-4F31-B761-5A46640D7939}.Debug|Any CPU.ActiveCfg = Debug|Any CPU
		{97F6A003-5390-4F31-B761-5A46640D7939}.Debug|Any CPU.Build.0 = Debug|Any CPU
		{97F6A003-5390-4F31-B761-5A46640D7939}.Release|Any CPU.ActiveCfg = Release|Any CPU
		{97F6A003-5390-4F31-B761-5A46640D7939}.Release|Any CPU.Build.0 = Release|Any CPU
		{9643B4C7-25F1-4FBB-BF5A-1688C944C46F}.Debug|Any CPU.ActiveCfg = Debug|Any CPU
		{9643B4C7-25F1-4FBB-BF5A-1688C944C46F}.Debug|Any CPU.Build.0 = Debug|Any CPU
		{9643B4C7-25F1-4FBB-BF5A-1688C944C46F}.Release|Any CPU.ActiveCfg = Release|Any CPU
		{9643B4C7-25F1-4FBB-BF5A-1688C944C46F}.Release|Any CPU.Build.0 = Release|Any CPU
		{DD1C267E-0828-4BDD-858E-50DF62AEC058}.Debug|Any CPU.ActiveCfg = Debug|Any CPU
		{DD1C267E-0828-4BDD-858E-50DF62AEC058}.Debug|Any CPU.Build.0 = Debug|Any CPU
		{DD1C267E-0828-4BDD-858E-50DF62AEC058}.Release|Any CPU.ActiveCfg = Release|Any CPU
		{DD1C267E-0828-4BDD-858E-50DF62AEC058}.Release|Any CPU.Build.0 = Release|Any CPU
		{E5D83726-316D-4142-9EA8-909D96F22FE5}.Debug|Any CPU.ActiveCfg = Debug|Any CPU
		{E5D83726-316D-4142-9EA8-909D96F22FE5}.Debug|Any CPU.Build.0 = Debug|Any CPU
		{E5D83726-316D-4142-9EA8-909D96F22FE5}.Release|Any CPU.ActiveCfg = Release|Any CPU
		{E5D83726-316D-4142-9EA8-909D96F22FE5}.Release|Any CPU.Build.0 = Release|Any CPU
		{B83FF78A-F3CA-4336-806E-E4C8939E61A2}.Debug|Any CPU.ActiveCfg = Debug|Any CPU
		{B83FF78A-F3CA-4336-806E-E4C8939E61A2}.Debug|Any CPU.Build.0 = Debug|Any CPU
		{B83FF78A-F3CA-4336-806E-E4C8939E61A2}.Release|Any CPU.ActiveCfg = Release|Any CPU
		{B83FF78A-F3CA-4336-806E-E4C8939E61A2}.Release|Any CPU.Build.0 = Release|Any CPU
		{8AE5D4A0-0378-4C6D-938F-CB04D64F2BC0}.Debug|Any CPU.ActiveCfg = Debug|Any CPU
		{8AE5D4A0-0378-4C6D-938F-CB04D64F2BC0}.Debug|Any CPU.Build.0 = Debug|Any CPU
		{8AE5D4A0-0378-4C6D-938F-CB04D64F2BC0}.Release|Any CPU.ActiveCfg = Release|Any CPU
		{8AE5D4A0-0378-4C6D-938F-CB04D64F2BC0}.Release|Any CPU.Build.0 = Release|Any CPU
		{D6F9311E-3176-4BB3-AC64-65B0F10EC93D}.Debug|Any CPU.ActiveCfg = Debug|Any CPU
		{D6F9311E-3176-4BB3-AC64-65B0F10EC93D}.Debug|Any CPU.Build.0 = Debug|Any CPU
		{D6F9311E-3176-4BB3-AC64-65B0F10EC93D}.Release|Any CPU.ActiveCfg = Release|Any CPU
		{D6F9311E-3176-4BB3-AC64-65B0F10EC93D}.Release|Any CPU.Build.0 = Release|Any CPU
		{30F29656-898F-407A-BAFB-DF8169E9398B}.Debug|Any CPU.ActiveCfg = Debug|Any CPU
		{30F29656-898F-407A-BAFB-DF8169E9398B}.Debug|Any CPU.Build.0 = Debug|Any CPU
		{30F29656-898F-407A-BAFB-DF8169E9398B}.Release|Any CPU.ActiveCfg = Release|Any CPU
		{30F29656-898F-407A-BAFB-DF8169E9398B}.Release|Any CPU.Build.0 = Release|Any CPU
		{E9A6B9EB-BB92-432B-B33B-71A7017B6C56}.Debug|Any CPU.ActiveCfg = Debug|Any CPU
		{E9A6B9EB-BB92-432B-B33B-71A7017B6C56}.Debug|Any CPU.Build.0 = Debug|Any CPU
		{E9A6B9EB-BB92-432B-B33B-71A7017B6C56}.Release|Any CPU.ActiveCfg = Release|Any CPU
		{E9A6B9EB-BB92-432B-B33B-71A7017B6C56}.Release|Any CPU.Build.0 = Release|Any CPU
		{BB5DD7A4-DA1C-4EA8-AB99-6DF4EB80E6A6}.Debug|Any CPU.ActiveCfg = Debug|Any CPU
		{BB5DD7A4-DA1C-4EA8-AB99-6DF4EB80E6A6}.Debug|Any CPU.Build.0 = Debug|Any CPU
		{BB5DD7A4-DA1C-4EA8-AB99-6DF4EB80E6A6}.Release|Any CPU.ActiveCfg = Release|Any CPU
		{BB5DD7A4-DA1C-4EA8-AB99-6DF4EB80E6A6}.Release|Any CPU.Build.0 = Release|Any CPU
		{0B2C42F5-CF5D-4C24-93AE-83E37E900BDB}.Debug|Any CPU.ActiveCfg = Debug|Any CPU
		{0B2C42F5-CF5D-4C24-93AE-83E37E900BDB}.Debug|Any CPU.Build.0 = Debug|Any CPU
		{0B2C42F5-CF5D-4C24-93AE-83E37E900BDB}.Release|Any CPU.ActiveCfg = Release|Any CPU
		{0B2C42F5-CF5D-4C24-93AE-83E37E900BDB}.Release|Any CPU.Build.0 = Release|Any CPU
		{4AD8CC21-5E3A-4756-859B-24C58DAFB66D}.Debug|Any CPU.ActiveCfg = Debug|Any CPU
		{4AD8CC21-5E3A-4756-859B-24C58DAFB66D}.Debug|Any CPU.Build.0 = Debug|Any CPU
		{4AD8CC21-5E3A-4756-859B-24C58DAFB66D}.Release|Any CPU.ActiveCfg = Release|Any CPU
		{4AD8CC21-5E3A-4756-859B-24C58DAFB66D}.Release|Any CPU.Build.0 = Release|Any CPU
		{73D5DA12-929E-4087-AE20-91E955AAF66D}.Debug|Any CPU.ActiveCfg = Debug|Any CPU
		{73D5DA12-929E-4087-AE20-91E955AAF66D}.Debug|Any CPU.Build.0 = Debug|Any CPU
		{73D5DA12-929E-4087-AE20-91E955AAF66D}.Release|Any CPU.ActiveCfg = Release|Any CPU
		{73D5DA12-929E-4087-AE20-91E955AAF66D}.Release|Any CPU.Build.0 = Release|Any CPU
		{DFE35FE0-E8D7-43C8-87AE-91728EA09046}.Debug|Any CPU.ActiveCfg = Debug|Any CPU
		{DFE35FE0-E8D7-43C8-87AE-91728EA09046}.Debug|Any CPU.Build.0 = Debug|Any CPU
		{DFE35FE0-E8D7-43C8-87AE-91728EA09046}.Release|Any CPU.ActiveCfg = Release|Any CPU
		{DFE35FE0-E8D7-43C8-87AE-91728EA09046}.Release|Any CPU.Build.0 = Release|Any CPU
		{5B094AED-A366-4815-809F-B0B472134A9A}.Debug|Any CPU.ActiveCfg = Debug|Any CPU
		{5B094AED-A366-4815-809F-B0B472134A9A}.Debug|Any CPU.Build.0 = Debug|Any CPU
		{5B094AED-A366-4815-809F-B0B472134A9A}.Release|Any CPU.ActiveCfg = Release|Any CPU
		{5B094AED-A366-4815-809F-B0B472134A9A}.Release|Any CPU.Build.0 = Release|Any CPU
		{CB295902-FBBF-4FA0-AC77-752FA98405EB}.Debug|Any CPU.ActiveCfg = Debug|Any CPU
		{CB295902-FBBF-4FA0-AC77-752FA98405EB}.Debug|Any CPU.Build.0 = Debug|Any CPU
		{CB295902-FBBF-4FA0-AC77-752FA98405EB}.Release|Any CPU.ActiveCfg = Release|Any CPU
		{CB295902-FBBF-4FA0-AC77-752FA98405EB}.Release|Any CPU.Build.0 = Release|Any CPU
		{276A51C3-A889-4A4D-BDAC-F89626084614}.Debug|Any CPU.ActiveCfg = Debug|Any CPU
		{276A51C3-A889-4A4D-BDAC-F89626084614}.Debug|Any CPU.Build.0 = Debug|Any CPU
		{276A51C3-A889-4A4D-BDAC-F89626084614}.Release|Any CPU.ActiveCfg = Release|Any CPU
		{276A51C3-A889-4A4D-BDAC-F89626084614}.Release|Any CPU.Build.0 = Release|Any CPU
		{2BADDDA8-91D2-425A-B813-784645AA671F}.Debug|Any CPU.ActiveCfg = Debug|Any CPU
		{2BADDDA8-91D2-425A-B813-784645AA671F}.Debug|Any CPU.Build.0 = Debug|Any CPU
		{2BADDDA8-91D2-425A-B813-784645AA671F}.Release|Any CPU.ActiveCfg = Release|Any CPU
		{2BADDDA8-91D2-425A-B813-784645AA671F}.Release|Any CPU.Build.0 = Release|Any CPU
		{0617734E-5721-443E-9572-94CB1519D160}.Debug|Any CPU.ActiveCfg = Debug|Any CPU
		{0617734E-5721-443E-9572-94CB1519D160}.Debug|Any CPU.Build.0 = Debug|Any CPU
		{0617734E-5721-443E-9572-94CB1519D160}.Release|Any CPU.ActiveCfg = Release|Any CPU
		{0617734E-5721-443E-9572-94CB1519D160}.Release|Any CPU.Build.0 = Release|Any CPU
		{D9CABC1C-9202-4BC8-8ED3-CDE53DF6F3CA}.Debug|Any CPU.ActiveCfg = Debug|Any CPU
		{D9CABC1C-9202-4BC8-8ED3-CDE53DF6F3CA}.Debug|Any CPU.Build.0 = Debug|Any CPU
		{D9CABC1C-9202-4BC8-8ED3-CDE53DF6F3CA}.Release|Any CPU.ActiveCfg = Release|Any CPU
		{D9CABC1C-9202-4BC8-8ED3-CDE53DF6F3CA}.Release|Any CPU.Build.0 = Release|Any CPU
		{D512C9B1-34A9-4C56-A101-FB47CA03A4E7}.Debug|Any CPU.ActiveCfg = Debug|Any CPU
		{D512C9B1-34A9-4C56-A101-FB47CA03A4E7}.Debug|Any CPU.Build.0 = Debug|Any CPU
		{D512C9B1-34A9-4C56-A101-FB47CA03A4E7}.Release|Any CPU.ActiveCfg = Release|Any CPU
		{D512C9B1-34A9-4C56-A101-FB47CA03A4E7}.Release|Any CPU.Build.0 = Release|Any CPU
		{673D52D5-6249-4A59-8009-AA9E88BCCE15}.Debug|Any CPU.ActiveCfg = Debug|Any CPU
		{673D52D5-6249-4A59-8009-AA9E88BCCE15}.Debug|Any CPU.Build.0 = Debug|Any CPU
		{673D52D5-6249-4A59-8009-AA9E88BCCE15}.Release|Any CPU.ActiveCfg = Release|Any CPU
		{673D52D5-6249-4A59-8009-AA9E88BCCE15}.Release|Any CPU.Build.0 = Release|Any CPU
		{980DA64F-4D08-4313-883D-A476B6853903}.Debug|Any CPU.ActiveCfg = Debug|Any CPU
		{980DA64F-4D08-4313-883D-A476B6853903}.Debug|Any CPU.Build.0 = Debug|Any CPU
		{980DA64F-4D08-4313-883D-A476B6853903}.Release|Any CPU.ActiveCfg = Release|Any CPU
		{980DA64F-4D08-4313-883D-A476B6853903}.Release|Any CPU.Build.0 = Release|Any CPU
		{95075754-44C7-4EFF-86A4-C3C537B31A43}.Debug|Any CPU.ActiveCfg = Debug|Any CPU
		{95075754-44C7-4EFF-86A4-C3C537B31A43}.Debug|Any CPU.Build.0 = Debug|Any CPU
		{95075754-44C7-4EFF-86A4-C3C537B31A43}.Release|Any CPU.ActiveCfg = Release|Any CPU
		{95075754-44C7-4EFF-86A4-C3C537B31A43}.Release|Any CPU.Build.0 = Release|Any CPU
		{5FB97E4E-004E-4B7C-8A4E-0B980D7524B9}.Debug|Any CPU.ActiveCfg = Debug|Any CPU
		{5FB97E4E-004E-4B7C-8A4E-0B980D7524B9}.Debug|Any CPU.Build.0 = Debug|Any CPU
		{5FB97E4E-004E-4B7C-8A4E-0B980D7524B9}.Release|Any CPU.ActiveCfg = Release|Any CPU
		{5FB97E4E-004E-4B7C-8A4E-0B980D7524B9}.Release|Any CPU.Build.0 = Release|Any CPU
		{A327AF60-1300-41E3-A760-9CC12DFB689F}.Debug|Any CPU.ActiveCfg = Debug|Any CPU
		{A327AF60-1300-41E3-A760-9CC12DFB689F}.Debug|Any CPU.Build.0 = Debug|Any CPU
		{A327AF60-1300-41E3-A760-9CC12DFB689F}.Release|Any CPU.ActiveCfg = Release|Any CPU
		{A327AF60-1300-41E3-A760-9CC12DFB689F}.Release|Any CPU.Build.0 = Release|Any CPU
		{200451D8-B356-4F16-8A8A-B64079262744}.Debug|Any CPU.ActiveCfg = Debug|Any CPU
		{200451D8-B356-4F16-8A8A-B64079262744}.Debug|Any CPU.Build.0 = Debug|Any CPU
		{200451D8-B356-4F16-8A8A-B64079262744}.Release|Any CPU.ActiveCfg = Release|Any CPU
		{200451D8-B356-4F16-8A8A-B64079262744}.Release|Any CPU.Build.0 = Release|Any CPU
		{CCF3A0F1-8591-4D90-B1AB-B654C7ED8CBD}.Debug|Any CPU.ActiveCfg = Debug|Any CPU
		{CCF3A0F1-8591-4D90-B1AB-B654C7ED8CBD}.Debug|Any CPU.Build.0 = Debug|Any CPU
		{CCF3A0F1-8591-4D90-B1AB-B654C7ED8CBD}.Release|Any CPU.ActiveCfg = Release|Any CPU
		{CCF3A0F1-8591-4D90-B1AB-B654C7ED8CBD}.Release|Any CPU.Build.0 = Release|Any CPU
		{6E58BC39-420A-47DF-9EE4-2DC371C4BB41}.Debug|Any CPU.ActiveCfg = Debug|Any CPU
		{6E58BC39-420A-47DF-9EE4-2DC371C4BB41}.Debug|Any CPU.Build.0 = Debug|Any CPU
		{6E58BC39-420A-47DF-9EE4-2DC371C4BB41}.Release|Any CPU.ActiveCfg = Release|Any CPU
		{6E58BC39-420A-47DF-9EE4-2DC371C4BB41}.Release|Any CPU.Build.0 = Release|Any CPU
		{202CE1CE-7B93-48B7-B01B-66F3AEF64932}.Debug|Any CPU.ActiveCfg = Debug|Any CPU
		{202CE1CE-7B93-48B7-B01B-66F3AEF64932}.Debug|Any CPU.Build.0 = Debug|Any CPU
		{202CE1CE-7B93-48B7-B01B-66F3AEF64932}.Release|Any CPU.ActiveCfg = Release|Any CPU
		{202CE1CE-7B93-48B7-B01B-66F3AEF64932}.Release|Any CPU.Build.0 = Release|Any CPU
		{99935744-BE48-43B7-A911-7FF27FE32353}.Debug|Any CPU.ActiveCfg = Debug|Any CPU
		{99935744-BE48-43B7-A911-7FF27FE32353}.Debug|Any CPU.Build.0 = Debug|Any CPU
		{99935744-BE48-43B7-A911-7FF27FE32353}.Release|Any CPU.ActiveCfg = Release|Any CPU
		{99935744-BE48-43B7-A911-7FF27FE32353}.Release|Any CPU.Build.0 = Release|Any CPU
		{03837BF5-3C17-46E2-A1F1-50811FBA3840}.Debug|Any CPU.ActiveCfg = Debug|Any CPU
		{03837BF5-3C17-46E2-A1F1-50811FBA3840}.Debug|Any CPU.Build.0 = Debug|Any CPU
		{03837BF5-3C17-46E2-A1F1-50811FBA3840}.Release|Any CPU.ActiveCfg = Release|Any CPU
		{03837BF5-3C17-46E2-A1F1-50811FBA3840}.Release|Any CPU.Build.0 = Release|Any CPU
		{EB7B5857-2C2D-48D2-8C60-7FE40186FAA8}.Debug|Any CPU.ActiveCfg = Debug|Any CPU
		{EB7B5857-2C2D-48D2-8C60-7FE40186FAA8}.Debug|Any CPU.Build.0 = Debug|Any CPU
		{EB7B5857-2C2D-48D2-8C60-7FE40186FAA8}.Release|Any CPU.ActiveCfg = Release|Any CPU
		{EB7B5857-2C2D-48D2-8C60-7FE40186FAA8}.Release|Any CPU.Build.0 = Release|Any CPU
		{0B8707EB-8FF4-40DD-A2BA-105C9CB3343B}.Debug|Any CPU.ActiveCfg = Debug|Any CPU
		{0B8707EB-8FF4-40DD-A2BA-105C9CB3343B}.Debug|Any CPU.Build.0 = Debug|Any CPU
		{0B8707EB-8FF4-40DD-A2BA-105C9CB3343B}.Release|Any CPU.ActiveCfg = Release|Any CPU
		{0B8707EB-8FF4-40DD-A2BA-105C9CB3343B}.Release|Any CPU.Build.0 = Release|Any CPU
		{B82BC95C-117E-44B5-BA77-2BD33D125294}.Debug|Any CPU.ActiveCfg = Debug|Any CPU
		{B82BC95C-117E-44B5-BA77-2BD33D125294}.Debug|Any CPU.Build.0 = Debug|Any CPU
		{B82BC95C-117E-44B5-BA77-2BD33D125294}.Release|Any CPU.ActiveCfg = Release|Any CPU
		{B82BC95C-117E-44B5-BA77-2BD33D125294}.Release|Any CPU.Build.0 = Release|Any CPU
		{462C6203-1CCC-4339-8B8B-6FF574EBC3B5}.Debug|Any CPU.ActiveCfg = Debug|Any CPU
		{462C6203-1CCC-4339-8B8B-6FF574EBC3B5}.Debug|Any CPU.Build.0 = Debug|Any CPU
		{462C6203-1CCC-4339-8B8B-6FF574EBC3B5}.Release|Any CPU.ActiveCfg = Release|Any CPU
		{462C6203-1CCC-4339-8B8B-6FF574EBC3B5}.Release|Any CPU.Build.0 = Release|Any CPU
		{73C30A9F-19C7-461F-9E13-1FDD306DCFEA}.Debug|Any CPU.ActiveCfg = Debug|Any CPU
		{73C30A9F-19C7-461F-9E13-1FDD306DCFEA}.Debug|Any CPU.Build.0 = Debug|Any CPU
		{73C30A9F-19C7-461F-9E13-1FDD306DCFEA}.Release|Any CPU.ActiveCfg = Release|Any CPU
		{73C30A9F-19C7-461F-9E13-1FDD306DCFEA}.Release|Any CPU.Build.0 = Release|Any CPU
		{35BBDD87-8336-4AE7-B1E2-4E618946F69A}.Debug|Any CPU.ActiveCfg = Debug|Any CPU
		{35BBDD87-8336-4AE7-B1E2-4E618946F69A}.Debug|Any CPU.Build.0 = Debug|Any CPU
		{35BBDD87-8336-4AE7-B1E2-4E618946F69A}.Release|Any CPU.ActiveCfg = Release|Any CPU
		{35BBDD87-8336-4AE7-B1E2-4E618946F69A}.Release|Any CPU.Build.0 = Release|Any CPU
		{CBA7FD2D-065A-4CBF-A3E4-74DCF99CF077}.Debug|Any CPU.ActiveCfg = Debug|Any CPU
		{CBA7FD2D-065A-4CBF-A3E4-74DCF99CF077}.Debug|Any CPU.Build.0 = Debug|Any CPU
		{CBA7FD2D-065A-4CBF-A3E4-74DCF99CF077}.Release|Any CPU.ActiveCfg = Release|Any CPU
		{CBA7FD2D-065A-4CBF-A3E4-74DCF99CF077}.Release|Any CPU.Build.0 = Release|Any CPU
		{A463A8A6-A6D5-4449-A065-AA78B1F8A79B}.Debug|Any CPU.ActiveCfg = Debug|Any CPU
		{A463A8A6-A6D5-4449-A065-AA78B1F8A79B}.Debug|Any CPU.Build.0 = Debug|Any CPU
		{A463A8A6-A6D5-4449-A065-AA78B1F8A79B}.Release|Any CPU.ActiveCfg = Release|Any CPU
		{A463A8A6-A6D5-4449-A065-AA78B1F8A79B}.Release|Any CPU.Build.0 = Release|Any CPU
	EndGlobalSection
	GlobalSection(SolutionProperties) = preSolution
		HideSolutionNode = FALSE
	EndGlobalSection
	GlobalSection(NestedProjects) = preSolution
		{E4AA1417-3FE3-45FC-8AAF-9CA96EA8ECF4} = {79BD1EEA-222A-4404-9BEF-3963B0381264}
		{C415E4CF-68DD-4B9C-9CEE-B1029827EA81} = {9D31094D-91F2-4B2D-9FE4-AF883F656F25}
		{E1F5BEE2-8A4E-46A9-95C5-519484B4D8DE} = {716AE338-D5A4-42AA-BEF6-F1654CC7F918}
		{7B349BC7-9B48-495C-A828-CF49DAA6B240} = {BD7DEE0C-2B9B-49BD-BA73-1235CA14056D}
		{96BB5A37-5DDF-40B7-86DC-8E685D6543E2} = {19BD3E55-7DD1-49CB-ABB0-D90C2E7490A4}
		{25C7DDA4-6BEF-4163-B9A5-1F350AD8DE7B} = {1622E200-F67F-41BF-87E0-53526DBCFD78}
		{3E433155-E98F-4043-B0D7-D3B959DC0901} = {FD3B2707-8122-43AE-AA7C-C9B8E79B50AC}
		{AFD0678D-E8EB-425A-B8DA-E31948C4B5BC} = {1FF270D7-FD18-421C-B5D9-F355B15DDCDA}
		{F5AFFBC3-E8A0-4859-ADC8-CEC76383B856} = {FDF9FB72-E38F-455D-8BB1-101FA3DE8DC3}
		{FC4FF639-8772-45D3-A3A4-047514847BDE} = {E87F473E-B53F-4671-BB5D-BFA0E2086659}
		{DB185431-1A58-449E-BF95-F99C19380846} = {E4AA1417-3FE3-45FC-8AAF-9CA96EA8ECF4}
		{23A93E85-A33C-4ED9-A2F4-A75E8EA259F6} = {C415E4CF-68DD-4B9C-9CEE-B1029827EA81}
		{00704A2D-88B0-4C10-9CC9-49BBF637ECE0} = {C415E4CF-68DD-4B9C-9CEE-B1029827EA81}
		{97F6A003-5390-4F31-B761-5A46640D7939} = {C415E4CF-68DD-4B9C-9CEE-B1029827EA81}
		{9643B4C7-25F1-4FBB-BF5A-1688C944C46F} = {E1F5BEE2-8A4E-46A9-95C5-519484B4D8DE}
		{DD1C267E-0828-4BDD-858E-50DF62AEC058} = {E1F5BEE2-8A4E-46A9-95C5-519484B4D8DE}
		{E5D83726-316D-4142-9EA8-909D96F22FE5} = {E1F5BEE2-8A4E-46A9-95C5-519484B4D8DE}
		{B83FF78A-F3CA-4336-806E-E4C8939E61A2} = {96BB5A37-5DDF-40B7-86DC-8E685D6543E2}
		{8AE5D4A0-0378-4C6D-938F-CB04D64F2BC0} = {25C7DDA4-6BEF-4163-B9A5-1F350AD8DE7B}
		{D6F9311E-3176-4BB3-AC64-65B0F10EC93D} = {A71E865F-F356-4E30-98E2-D06141BF1408}
		{30F29656-898F-407A-BAFB-DF8169E9398B} = {A71E865F-F356-4E30-98E2-D06141BF1408}
		{E9A6B9EB-BB92-432B-B33B-71A7017B6C56} = {A71E865F-F356-4E30-98E2-D06141BF1408}
		{BB5DD7A4-DA1C-4EA8-AB99-6DF4EB80E6A6} = {A71E865F-F356-4E30-98E2-D06141BF1408}
		{0B2C42F5-CF5D-4C24-93AE-83E37E900BDB} = {A71E865F-F356-4E30-98E2-D06141BF1408}
		{A71E865F-F356-4E30-98E2-D06141BF1408} = {3E433155-E98F-4043-B0D7-D3B959DC0901}
		{C280ADDC-0940-4CC9-B3ED-1D1AF32CCB29} = {F5AFFBC3-E8A0-4859-ADC8-CEC76383B856}
		{4AD8CC21-5E3A-4756-859B-24C58DAFB66D} = {C280ADDC-0940-4CC9-B3ED-1D1AF32CCB29}
		{73D5DA12-929E-4087-AE20-91E955AAF66D} = {C280ADDC-0940-4CC9-B3ED-1D1AF32CCB29}
		{DFE35FE0-E8D7-43C8-87AE-91728EA09046} = {C280ADDC-0940-4CC9-B3ED-1D1AF32CCB29}
		{5B094AED-A366-4815-809F-B0B472134A9A} = {C280ADDC-0940-4CC9-B3ED-1D1AF32CCB29}
		{CB295902-FBBF-4FA0-AC77-752FA98405EB} = {C280ADDC-0940-4CC9-B3ED-1D1AF32CCB29}
		{6C218815-EF33-4429-AC59-067FE82F2B74} = {2AC4D06E-4E46-46E8-98AF-065CD8799A5A}
		{276A51C3-A889-4A4D-BDAC-F89626084614} = {FC4FF639-8772-45D3-A3A4-047514847BDE}
		{2BADDDA8-91D2-425A-B813-784645AA671F} = {FC4FF639-8772-45D3-A3A4-047514847BDE}
		{0617734E-5721-443E-9572-94CB1519D160} = {FC4FF639-8772-45D3-A3A4-047514847BDE}
		{D9CABC1C-9202-4BC8-8ED3-CDE53DF6F3CA} = {FC4FF639-8772-45D3-A3A4-047514847BDE}
		{D512C9B1-34A9-4C56-A101-FB47CA03A4E7} = {FC4FF639-8772-45D3-A3A4-047514847BDE}
		{A47FE357-3ADC-46FE-8842-E3AC1BD9FC93} = {5B0FB7F6-9F03-4836-ADEC-DD6DF4D91E6A}
		{5C0FE840-122B-4DF2-BA06-CC3C595F5F8B} = {A47FE357-3ADC-46FE-8842-E3AC1BD9FC93}
		{673D52D5-6249-4A59-8009-AA9E88BCCE15} = {5C0FE840-122B-4DF2-BA06-CC3C595F5F8B}
		{980DA64F-4D08-4313-883D-A476B6853903} = {5C0FE840-122B-4DF2-BA06-CC3C595F5F8B}
		{95075754-44C7-4EFF-86A4-C3C537B31A43} = {5C0FE840-122B-4DF2-BA06-CC3C595F5F8B}
		{3B85A3C1-5F86-4103-8460-8372263B71E1} = {82ADD09D-299B-4AE1-9530-3750CC07C832}
		{C8EAC12A-2326-442C-87CC-4EA2105AB981} = {3B85A3C1-5F86-4103-8460-8372263B71E1}
		{5FB97E4E-004E-4B7C-8A4E-0B980D7524B9} = {C8EAC12A-2326-442C-87CC-4EA2105AB981}
		{A327AF60-1300-41E3-A760-9CC12DFB689F} = {C8EAC12A-2326-442C-87CC-4EA2105AB981}
		{200451D8-B356-4F16-8A8A-B64079262744} = {C8EAC12A-2326-442C-87CC-4EA2105AB981}
		{CCF3A0F1-8591-4D90-B1AB-B654C7ED8CBD} = {C8EAC12A-2326-442C-87CC-4EA2105AB981}
		{6E58BC39-420A-47DF-9EE4-2DC371C4BB41} = {C8EAC12A-2326-442C-87CC-4EA2105AB981}
		{3005B47D-6E65-4A68-9D89-88D3B07DE0FA} = {B3ACFEE0-52C8-4E80-92CC-891B2A18BEFF}
		{5BACD89D-8C0A-43DF-8081-61F7DA59C008} = {3005B47D-6E65-4A68-9D89-88D3B07DE0FA}
		{202CE1CE-7B93-48B7-B01B-66F3AEF64932} = {5BACD89D-8C0A-43DF-8081-61F7DA59C008}
		{99935744-BE48-43B7-A911-7FF27FE32353} = {5BACD89D-8C0A-43DF-8081-61F7DA59C008}
		{03837BF5-3C17-46E2-A1F1-50811FBA3840} = {5BACD89D-8C0A-43DF-8081-61F7DA59C008}
		{EB7B5857-2C2D-48D2-8C60-7FE40186FAA8} = {5BACD89D-8C0A-43DF-8081-61F7DA59C008}
		{0B8707EB-8FF4-40DD-A2BA-105C9CB3343B} = {5BACD89D-8C0A-43DF-8081-61F7DA59C008}
		{B82BC95C-117E-44B5-BA77-2BD33D125294} = {099C0699-F0EF-41B0-BED8-AA5305053A44}
		{66CE41E8-A89F-48E3-B17B-B9AE35C913AC} = {43EAE951-6402-4F63-B1BD-825C1714F205}
		{462C6203-1CCC-4339-8B8B-6FF574EBC3B5} = {66CE41E8-A89F-48E3-B17B-B9AE35C913AC}
		{73C30A9F-19C7-461F-9E13-1FDD306DCFEA} = {66CE41E8-A89F-48E3-B17B-B9AE35C913AC}
		{35BBDD87-8336-4AE7-B1E2-4E618946F69A} = {66CE41E8-A89F-48E3-B17B-B9AE35C913AC}
		{CBA7FD2D-065A-4CBF-A3E4-74DCF99CF077} = {66CE41E8-A89F-48E3-B17B-B9AE35C913AC}
		{A463A8A6-A6D5-4449-A065-AA78B1F8A79B} = {66CE41E8-A89F-48E3-B17B-B9AE35C913AC}
	EndGlobalSection
	GlobalSection(ExtensibilityGlobals) = postSolution
		SolutionGuid = {B600EF1C-C724-46CA-8500-784C6CFD369A}
	EndGlobalSection
EndGlobal
