
Microsoft Visual Studio Solution File, Format Version 12.00
# Visual Studio Version 17
VisualStudioVersion = 17.7.34202.233
MinimumVisualStudioVersion = 10.0.40219.1
Project("{2150E333-8FDC-42A3-9474-1A3956D46DE8}") = "N58", "N58", "{79BD1EEA-222A-4404-9BEF-3963B0381264}"
EndProject
Project("{2150E333-8FDC-42A3-9474-1A3956D46DE8}") = "HomeTasks", "HomeTasks", "{E4AA1417-3FE3-45FC-8AAF-9CA96EA8ECF4}"
EndProject
Project("{2150E333-8FDC-42A3-9474-1A3956D46DE8}") = "N59", "N59", "{9D31094D-91F2-4B2D-9FE4-AF883F656F25}"
EndProject
Project("{2150E333-8FDC-42A3-9474-1A3956D46DE8}") = "HomeTasks", "HomeTasks", "{C415E4CF-68DD-4B9C-9CEE-B1029827EA81}"
EndProject
Project("{2150E333-8FDC-42A3-9474-1A3956D46DE8}") = "N60", "N60", "{716AE338-D5A4-42AA-BEF6-F1654CC7F918}"
EndProject
Project("{2150E333-8FDC-42A3-9474-1A3956D46DE8}") = "HomeTasks", "HomeTasks", "{E1F5BEE2-8A4E-46A9-95C5-519484B4D8DE}"
EndProject
Project("{2150E333-8FDC-42A3-9474-1A3956D46DE8}") = "N61", "N61", "{BD7DEE0C-2B9B-49BD-BA73-1235CA14056D}"
EndProject
Project("{2150E333-8FDC-42A3-9474-1A3956D46DE8}") = "HomeTasks", "HomeTasks", "{7B349BC7-9B48-495C-A828-CF49DAA6B240}"
EndProject
Project("{2150E333-8FDC-42A3-9474-1A3956D46DE8}") = "N62", "N62", "{19BD3E55-7DD1-49CB-ABB0-D90C2E7490A4}"
EndProject
Project("{2150E333-8FDC-42A3-9474-1A3956D46DE8}") = "HomeTasks", "HomeTasks", "{96BB5A37-5DDF-40B7-86DC-8E685D6543E2}"
EndProject
Project("{2150E333-8FDC-42A3-9474-1A3956D46DE8}") = "N63", "N63", "{1622E200-F67F-41BF-87E0-53526DBCFD78}"
EndProject
Project("{2150E333-8FDC-42A3-9474-1A3956D46DE8}") = "HomeTasks", "HomeTasks", "{25C7DDA4-6BEF-4163-B9A5-1F350AD8DE7B}"
EndProject
Project("{2150E333-8FDC-42A3-9474-1A3956D46DE8}") = "N64", "N64", "{FD3B2707-8122-43AE-AA7C-C9B8E79B50AC}"
EndProject
Project("{2150E333-8FDC-42A3-9474-1A3956D46DE8}") = "HomeTasks", "HomeTasks", "{3E433155-E98F-4043-B0D7-D3B959DC0901}"
EndProject
Project("{2150E333-8FDC-42A3-9474-1A3956D46DE8}") = "N65", "N65", "{1FF270D7-FD18-421C-B5D9-F355B15DDCDA}"
EndProject
Project("{2150E333-8FDC-42A3-9474-1A3956D46DE8}") = "HomeTasks", "HomeTasks", "{AFD0678D-E8EB-425A-B8DA-E31948C4B5BC}"
EndProject
Project("{2150E333-8FDC-42A3-9474-1A3956D46DE8}") = "N66", "N66", "{FDF9FB72-E38F-455D-8BB1-101FA3DE8DC3}"
EndProject
Project("{2150E333-8FDC-42A3-9474-1A3956D46DE8}") = "HomeTasks", "HomeTasks", "{F5AFFBC3-E8A0-4859-ADC8-CEC76383B856}"
EndProject
Project("{2150E333-8FDC-42A3-9474-1A3956D46DE8}") = "N67", "N67", "{E87F473E-B53F-4671-BB5D-BFA0E2086659}"
EndProject
Project("{2150E333-8FDC-42A3-9474-1A3956D46DE8}") = "HomeTasks", "HomeTasks", "{FC4FF639-8772-45D3-A3A4-047514847BDE}"
EndProject
Project("{9A19103F-16F7-4668-BE54-9A1E7A4F7556}") = "N58-HT1-Drive", "N58-HT1-Drive\N58-HT1-Drive.csproj", "{DB185431-1A58-449E-BF95-F99C19380846}"
EndProject
Project("{9A19103F-16F7-4668-BE54-9A1E7A4F7556}") = "Drives.Application", "Drives.Application\Drives.Application.csproj", "{23A93E85-A33C-4ED9-A2F4-A75E8EA259F6}"
EndProject
Project("{9A19103F-16F7-4668-BE54-9A1E7A4F7556}") = "Drives.Infrastructure", "Drives.Infrastructure\Drives.Infrastructure.csproj", "{00704A2D-88B0-4C10-9CC9-49BBF637ECE0}"
EndProject
Project("{9A19103F-16F7-4668-BE54-9A1E7A4F7556}") = "Drives.Api", "Drives.Api\Drives.Api.csproj", "{97F6A003-5390-4F31-B761-5A46640D7939}"
EndProject
Project("{9A19103F-16F7-4668-BE54-9A1E7A4F7556}") = "Filters.Application", "Filters.Application\Filters.Application.csproj", "{9643B4C7-25F1-4FBB-BF5A-1688C944C46F}"
EndProject
Project("{9A19103F-16F7-4668-BE54-9A1E7A4F7556}") = "Filters.Infrastructure", "Filters.Infrastructure\Filters.Infrastructure.csproj", "{DD1C267E-0828-4BDD-858E-50DF62AEC058}"
EndProject
Project("{9A19103F-16F7-4668-BE54-9A1E7A4F7556}") = "Filters.Api", "Filters.Api\Filters.Api.csproj", "{E5D83726-316D-4142-9EA8-909D96F22FE5}"
EndProject
Project("{9A19103F-16F7-4668-BE54-9A1E7A4F7556}") = "N62-HT1.Api", "N62-HT1.Api\N62-HT1.Api.csproj", "{B83FF78A-F3CA-4336-806E-E4C8939E61A2}"
EndProject
Project("{9A19103F-16F7-4668-BE54-9A1E7A4F7556}") = "N63-HT1-FileUpload.Api", "N63-HT1-FileUpload.Api\N63-HT1-FileUpload.Api.csproj", "{8AE5D4A0-0378-4C6D-938F-CB04D64F2BC0}"
EndProject
Project("{FAE04EC0-301F-11D3-BF4B-00C04F79EFBC}") = "N64-HT1-Entity.Application", "N64-HT1-Entity.Application\N64-HT1-Entity.Application.csproj", "{D6F9311E-3176-4BB3-AC64-65B0F10EC93D}"
EndProject
Project("{FAE04EC0-301F-11D3-BF4B-00C04F79EFBC}") = "N64-HT1-Entity.Domain", "N64-HT1-Entity.Domain\N64-HT1-Entity.Domain.csproj", "{30F29656-898F-407A-BAFB-DF8169E9398B}"
EndProject
Project("{FAE04EC0-301F-11D3-BF4B-00C04F79EFBC}") = "N64-HT1-Entity.Infrastructure", "N64-HT1-Entity.Infrastructure\N64-HT1-Entity.Infrastructure.csproj", "{E9A6B9EB-BB92-432B-B33B-71A7017B6C56}"
EndProject
Project("{FAE04EC0-301F-11D3-BF4B-00C04F79EFBC}") = "N64-HT1-Entity.Persistence", "N64-HT1-Entity.Persistence\N64-HT1-Entity.Persistence.csproj", "{BB5DD7A4-DA1C-4EA8-AB99-6DF4EB80E6A6}"
EndProject
Project("{FAE04EC0-301F-11D3-BF4B-00C04F79EFBC}") = "N64-HT1-Entity.Api", "N64-HT1-Entity.Api\N64-HT1-Entity.Api.csproj", "{0B2C42F5-CF5D-4C24-93AE-83E37E900BDB}"
EndProject
Project("{2150E333-8FDC-42A3-9474-1A3956D46DE8}") = "N64-HT1-Entity", "N64-HT1-Entity", "{A71E865F-F356-4E30-98E2-D06141BF1408}"
EndProject
Global
	GlobalSection(SolutionConfigurationPlatforms) = preSolution
		Debug|Any CPU = Debug|Any CPU
		Release|Any CPU = Release|Any CPU
	EndGlobalSection
	GlobalSection(ProjectConfigurationPlatforms) = postSolution
		{DB185431-1A58-449E-BF95-F99C19380846}.Debug|Any CPU.ActiveCfg = Debug|Any CPU
		{DB185431-1A58-449E-BF95-F99C19380846}.Debug|Any CPU.Build.0 = Debug|Any CPU
		{DB185431-1A58-449E-BF95-F99C19380846}.Release|Any CPU.ActiveCfg = Release|Any CPU
		{DB185431-1A58-449E-BF95-F99C19380846}.Release|Any CPU.Build.0 = Release|Any CPU
		{23A93E85-A33C-4ED9-A2F4-A75E8EA259F6}.Debug|Any CPU.ActiveCfg = Debug|Any CPU
		{23A93E85-A33C-4ED9-A2F4-A75E8EA259F6}.Debug|Any CPU.Build.0 = Debug|Any CPU
		{23A93E85-A33C-4ED9-A2F4-A75E8EA259F6}.Release|Any CPU.ActiveCfg = Release|Any CPU
		{23A93E85-A33C-4ED9-A2F4-A75E8EA259F6}.Release|Any CPU.Build.0 = Release|Any CPU
		{00704A2D-88B0-4C10-9CC9-49BBF637ECE0}.Debug|Any CPU.ActiveCfg = Debug|Any CPU
		{00704A2D-88B0-4C10-9CC9-49BBF637ECE0}.Debug|Any CPU.Build.0 = Debug|Any CPU
		{00704A2D-88B0-4C10-9CC9-49BBF637ECE0}.Release|Any CPU.ActiveCfg = Release|Any CPU
		{00704A2D-88B0-4C10-9CC9-49BBF637ECE0}.Release|Any CPU.Build.0 = Release|Any CPU
		{97F6A003-5390-4F31-B761-5A46640D7939}.Debug|Any CPU.ActiveCfg = Debug|Any CPU
		{97F6A003-5390-4F31-B761-5A46640D7939}.Debug|Any CPU.Build.0 = Debug|Any CPU
		{97F6A003-5390-4F31-B761-5A46640D7939}.Release|Any CPU.ActiveCfg = Release|Any CPU
		{97F6A003-5390-4F31-B761-5A46640D7939}.Release|Any CPU.Build.0 = Release|Any CPU
		{9643B4C7-25F1-4FBB-BF5A-1688C944C46F}.Debug|Any CPU.ActiveCfg = Debug|Any CPU
		{9643B4C7-25F1-4FBB-BF5A-1688C944C46F}.Debug|Any CPU.Build.0 = Debug|Any CPU
		{9643B4C7-25F1-4FBB-BF5A-1688C944C46F}.Release|Any CPU.ActiveCfg = Release|Any CPU
		{9643B4C7-25F1-4FBB-BF5A-1688C944C46F}.Release|Any CPU.Build.0 = Release|Any CPU
		{DD1C267E-0828-4BDD-858E-50DF62AEC058}.Debug|Any CPU.ActiveCfg = Debug|Any CPU
		{DD1C267E-0828-4BDD-858E-50DF62AEC058}.Debug|Any CPU.Build.0 = Debug|Any CPU
		{DD1C267E-0828-4BDD-858E-50DF62AEC058}.Release|Any CPU.ActiveCfg = Release|Any CPU
		{DD1C267E-0828-4BDD-858E-50DF62AEC058}.Release|Any CPU.Build.0 = Release|Any CPU
		{E5D83726-316D-4142-9EA8-909D96F22FE5}.Debug|Any CPU.ActiveCfg = Debug|Any CPU
		{E5D83726-316D-4142-9EA8-909D96F22FE5}.Debug|Any CPU.Build.0 = Debug|Any CPU
		{E5D83726-316D-4142-9EA8-909D96F22FE5}.Release|Any CPU.ActiveCfg = Release|Any CPU
		{E5D83726-316D-4142-9EA8-909D96F22FE5}.Release|Any CPU.Build.0 = Release|Any CPU
		{B83FF78A-F3CA-4336-806E-E4C8939E61A2}.Debug|Any CPU.ActiveCfg = Debug|Any CPU
		{B83FF78A-F3CA-4336-806E-E4C8939E61A2}.Debug|Any CPU.Build.0 = Debug|Any CPU
		{B83FF78A-F3CA-4336-806E-E4C8939E61A2}.Release|Any CPU.ActiveCfg = Release|Any CPU
		{B83FF78A-F3CA-4336-806E-E4C8939E61A2}.Release|Any CPU.Build.0 = Release|Any CPU
		{8AE5D4A0-0378-4C6D-938F-CB04D64F2BC0}.Debug|Any CPU.ActiveCfg = Debug|Any CPU
		{8AE5D4A0-0378-4C6D-938F-CB04D64F2BC0}.Debug|Any CPU.Build.0 = Debug|Any CPU
		{8AE5D4A0-0378-4C6D-938F-CB04D64F2BC0}.Release|Any CPU.ActiveCfg = Release|Any CPU
		{8AE5D4A0-0378-4C6D-938F-CB04D64F2BC0}.Release|Any CPU.Build.0 = Release|Any CPU
		{D6F9311E-3176-4BB3-AC64-65B0F10EC93D}.Debug|Any CPU.ActiveCfg = Debug|Any CPU
		{D6F9311E-3176-4BB3-AC64-65B0F10EC93D}.Debug|Any CPU.Build.0 = Debug|Any CPU
		{D6F9311E-3176-4BB3-AC64-65B0F10EC93D}.Release|Any CPU.ActiveCfg = Release|Any CPU
		{D6F9311E-3176-4BB3-AC64-65B0F10EC93D}.Release|Any CPU.Build.0 = Release|Any CPU
		{30F29656-898F-407A-BAFB-DF8169E9398B}.Debug|Any CPU.ActiveCfg = Debug|Any CPU
		{30F29656-898F-407A-BAFB-DF8169E9398B}.Debug|Any CPU.Build.0 = Debug|Any CPU
		{30F29656-898F-407A-BAFB-DF8169E9398B}.Release|Any CPU.ActiveCfg = Release|Any CPU
		{30F29656-898F-407A-BAFB-DF8169E9398B}.Release|Any CPU.Build.0 = Release|Any CPU
		{E9A6B9EB-BB92-432B-B33B-71A7017B6C56}.Debug|Any CPU.ActiveCfg = Debug|Any CPU
		{E9A6B9EB-BB92-432B-B33B-71A7017B6C56}.Debug|Any CPU.Build.0 = Debug|Any CPU
		{E9A6B9EB-BB92-432B-B33B-71A7017B6C56}.Release|Any CPU.ActiveCfg = Release|Any CPU
		{E9A6B9EB-BB92-432B-B33B-71A7017B6C56}.Release|Any CPU.Build.0 = Release|Any CPU
		{BB5DD7A4-DA1C-4EA8-AB99-6DF4EB80E6A6}.Debug|Any CPU.ActiveCfg = Debug|Any CPU
		{BB5DD7A4-DA1C-4EA8-AB99-6DF4EB80E6A6}.Debug|Any CPU.Build.0 = Debug|Any CPU
		{BB5DD7A4-DA1C-4EA8-AB99-6DF4EB80E6A6}.Release|Any CPU.ActiveCfg = Release|Any CPU
		{BB5DD7A4-DA1C-4EA8-AB99-6DF4EB80E6A6}.Release|Any CPU.Build.0 = Release|Any CPU
		{0B2C42F5-CF5D-4C24-93AE-83E37E900BDB}.Debug|Any CPU.ActiveCfg = Debug|Any CPU
		{0B2C42F5-CF5D-4C24-93AE-83E37E900BDB}.Debug|Any CPU.Build.0 = Debug|Any CPU
		{0B2C42F5-CF5D-4C24-93AE-83E37E900BDB}.Release|Any CPU.ActiveCfg = Release|Any CPU
		{0B2C42F5-CF5D-4C24-93AE-83E37E900BDB}.Release|Any CPU.Build.0 = Release|Any CPU
	EndGlobalSection
	GlobalSection(SolutionProperties) = preSolution
		HideSolutionNode = FALSE
	EndGlobalSection
	GlobalSection(NestedProjects) = preSolution
		{E4AA1417-3FE3-45FC-8AAF-9CA96EA8ECF4} = {79BD1EEA-222A-4404-9BEF-3963B0381264}
		{C415E4CF-68DD-4B9C-9CEE-B1029827EA81} = {9D31094D-91F2-4B2D-9FE4-AF883F656F25}
		{E1F5BEE2-8A4E-46A9-95C5-519484B4D8DE} = {716AE338-D5A4-42AA-BEF6-F1654CC7F918}
		{7B349BC7-9B48-495C-A828-CF49DAA6B240} = {BD7DEE0C-2B9B-49BD-BA73-1235CA14056D}
		{96BB5A37-5DDF-40B7-86DC-8E685D6543E2} = {19BD3E55-7DD1-49CB-ABB0-D90C2E7490A4}
		{25C7DDA4-6BEF-4163-B9A5-1F350AD8DE7B} = {1622E200-F67F-41BF-87E0-53526DBCFD78}
		{3E433155-E98F-4043-B0D7-D3B959DC0901} = {FD3B2707-8122-43AE-AA7C-C9B8E79B50AC}
		{AFD0678D-E8EB-425A-B8DA-E31948C4B5BC} = {1FF270D7-FD18-421C-B5D9-F355B15DDCDA}
		{F5AFFBC3-E8A0-4859-ADC8-CEC76383B856} = {FDF9FB72-E38F-455D-8BB1-101FA3DE8DC3}
		{FC4FF639-8772-45D3-A3A4-047514847BDE} = {E87F473E-B53F-4671-BB5D-BFA0E2086659}
		{DB185431-1A58-449E-BF95-F99C19380846} = {E4AA1417-3FE3-45FC-8AAF-9CA96EA8ECF4}
		{23A93E85-A33C-4ED9-A2F4-A75E8EA259F6} = {C415E4CF-68DD-4B9C-9CEE-B1029827EA81}
		{00704A2D-88B0-4C10-9CC9-49BBF637ECE0} = {C415E4CF-68DD-4B9C-9CEE-B1029827EA81}
		{97F6A003-5390-4F31-B761-5A46640D7939} = {C415E4CF-68DD-4B9C-9CEE-B1029827EA81}
		{9643B4C7-25F1-4FBB-BF5A-1688C944C46F} = {E1F5BEE2-8A4E-46A9-95C5-519484B4D8DE}
		{DD1C267E-0828-4BDD-858E-50DF62AEC058} = {E1F5BEE2-8A4E-46A9-95C5-519484B4D8DE}
		{E5D83726-316D-4142-9EA8-909D96F22FE5} = {E1F5BEE2-8A4E-46A9-95C5-519484B4D8DE}
		{B83FF78A-F3CA-4336-806E-E4C8939E61A2} = {96BB5A37-5DDF-40B7-86DC-8E685D6543E2}
		{8AE5D4A0-0378-4C6D-938F-CB04D64F2BC0} = {25C7DDA4-6BEF-4163-B9A5-1F350AD8DE7B}
		{D6F9311E-3176-4BB3-AC64-65B0F10EC93D} = {A71E865F-F356-4E30-98E2-D06141BF1408}
		{30F29656-898F-407A-BAFB-DF8169E9398B} = {A71E865F-F356-4E30-98E2-D06141BF1408}
		{E9A6B9EB-BB92-432B-B33B-71A7017B6C56} = {A71E865F-F356-4E30-98E2-D06141BF1408}
		{BB5DD7A4-DA1C-4EA8-AB99-6DF4EB80E6A6} = {A71E865F-F356-4E30-98E2-D06141BF1408}
		{0B2C42F5-CF5D-4C24-93AE-83E37E900BDB} = {A71E865F-F356-4E30-98E2-D06141BF1408}
		{A71E865F-F356-4E30-98E2-D06141BF1408} = {3E433155-E98F-4043-B0D7-D3B959DC0901}
	EndGlobalSection
	GlobalSection(ExtensibilityGlobals) = postSolution
		SolutionGuid = {B600EF1C-C724-46CA-8500-784C6CFD369A}
	EndGlobalSection
EndGlobal
